
Microsoft Visual Studio Solution File, Format Version 12.00
# Visual Studio Version 17
VisualStudioVersion = 17.3.32825.248
MinimumVisualStudioVersion = 10.0.40219.1
Project("{8BC9CEB8-8B4A-11D0-8D11-00A0C91BC942}") = "Restik", "Restik\Restik.vcxproj", "{62B58AFA-C909-4C57-9236-B0235AC11A9D}"
EndProject
Global
	GlobalSection(SolutionConfigurationPlatforms) = preSolution
		Debug|x64 = Debug|x64
		Debug|x86 = Debug|x86
		Release|x64 = Release|x64
		Release|x86 = Release|x86
	EndGlobalSection
	GlobalSection(ProjectConfigurationPlatforms) = postSolution
		{62B58AFA-C909-4C57-9236-B0235AC11A9D}.Debug|x64.ActiveCfg = Debug|x64
		{62B58AFA-C909-4C57-9236-B0235AC11A9D}.Debug|x64.Build.0 = Debug|x64
		{62B58AFA-C909-4C57-9236-B0235AC11A9D}.Debug|x86.ActiveCfg = Debug|Win32
		{62B58AFA-C909-4C57-9236-B0235AC11A9D}.Debug|x86.Build.0 = Debug|Win32
		{62B58AFA-C909-4C57-9236-B0235AC11A9D}.Release|x64.ActiveCfg = Release|x64
		{62B58AFA-C909-4C57-9236-B0235AC11A9D}.Release|x64.Build.0 = Release|x64
		{62B58AFA-C909-4C57-9236-B0235AC11A9D}.Release|x86.ActiveCfg = Release|Win32
		{62B58AFA-C909-4C57-9236-B0235AC11A9D}.Release|x86.Build.0 = Release|Win32
	EndGlobalSection
	GlobalSection(SolutionProperties) = preSolution
		HideSolutionNode = FALSE
	EndGlobalSection
	GlobalSection(ExtensibilityGlobals) = postSolution
		SolutionGuid = {C11258B5-9B59-4ACB-A8EC-1A615A49DDE8}
	EndGlobalSection
EndGlobal
